// !$*UTF8*$!
{
	archiveVersion = 1;
	classes = {
	};
	objectVersion = 46;
	objects = {

/* Begin PBXBuildFile section */
		2A03AF471F555FA80088DBF4 /* main.m in Sources */ = {isa = PBXBuildFile; fileRef = 2A03AF461F555FA80088DBF4 /* main.m */; };
		2A03AF4A1F555FA80088DBF4 /* AppDelegate.m in Sources */ = {isa = PBXBuildFile; fileRef = 2A03AF491F555FA80088DBF4 /* AppDelegate.m */; };
		2A03AF521F555FA80088DBF4 /* Assets.xcassets in Resources */ = {isa = PBXBuildFile; fileRef = 2A03AF511F555FA80088DBF4 /* Assets.xcassets */; };
		2A03AF551F555FA80088DBF4 /* LaunchScreen.storyboard in Resources */ = {isa = PBXBuildFile; fileRef = 2A03AF531F555FA80088DBF4 /* LaunchScreen.storyboard */; };
		2A03AF601F555FA80088DBF4 /* DiscoverMelodyTests.m in Sources */ = {isa = PBXBuildFile; fileRef = 2A03AF5F1F555FA80088DBF4 /* DiscoverMelodyTests.m */; };
		2A03AF6B1F555FA80088DBF4 /* DiscoverMelodyUITests.m in Sources */ = {isa = PBXBuildFile; fileRef = 2A03AF6A1F555FA80088DBF4 /* DiscoverMelodyUITests.m */; };
		2A05C45F1F5D544100FC4D9A /* DMRootViewController.m in Sources */ = {isa = PBXBuildFile; fileRef = 2A05C45C1F5D544100FC4D9A /* DMRootViewController.m */; };
		2A05C4601F5D544100FC4D9A /* UIViewController+DMRootViewController.m in Sources */ = {isa = PBXBuildFile; fileRef = 2A05C45E1F5D544100FC4D9A /* UIViewController+DMRootViewController.m */; };
		2A05C4631F5D545D00FC4D9A /* DMRootContainerViewController.m in Sources */ = {isa = PBXBuildFile; fileRef = 2A05C4621F5D545D00FC4D9A /* DMRootContainerViewController.m */; };
		2A23C9711F665AAD0097F91B /* DMCustomerInfoView.m in Sources */ = {isa = PBXBuildFile; fileRef = 2A23C9701F665AAD0097F91B /* DMCustomerInfoView.m */; };
		2A23C9741F665F110097F91B /* DMCustomerPhoneCell.m in Sources */ = {isa = PBXBuildFile; fileRef = 2A23C9731F665F110097F91B /* DMCustomerPhoneCell.m */; };
		2A27E0CF1F5E46EC00865644 /* DMTools.m in Sources */ = {isa = PBXBuildFile; fileRef = 2A27E0CE1F5E46EC00865644 /* DMTools.m */; };
		2A27E0D41F5E95C600865644 /* DMHttpClient.m in Sources */ = {isa = PBXBuildFile; fileRef = 2A27E0D31F5E95C600865644 /* DMHttpClient.m */; };
		2A27E0D91F5EA65300865644 /* InfoPlist.strings in Resources */ = {isa = PBXBuildFile; fileRef = 2A27E0DB1F5EA65300865644 /* InfoPlist.strings */; };
		2A4143891F5FF5F300E6B4E1 /* DMHomeView.m in Sources */ = {isa = PBXBuildFile; fileRef = 2A4143881F5FF5F300E6B4E1 /* DMHomeView.m */; };
		2A41438D1F6007DD00E6B4E1 /* timg.jpg in Resources */ = {isa = PBXBuildFile; fileRef = 2A41438C1F6007DD00E6B4E1 /* timg.jpg */; };
		2A4143901F600D6F00E6B4E1 /* DMHomeCell.m in Sources */ = {isa = PBXBuildFile; fileRef = 2A41438F1F600D6F00E6B4E1 /* DMHomeCell.m */; };
		2A45F9701F60F6D50077CBA5 /* DMHomeDataModel.m in Sources */ = {isa = PBXBuildFile; fileRef = 2A45F96F1F60F6D50077CBA5 /* DMHomeDataModel.m */; };
		2A47AFBB1F626A14003A90DA /* DMMenuCell.m in Sources */ = {isa = PBXBuildFile; fileRef = 2A47AFBA1F626A14003A90DA /* DMMenuCell.m */; };
		2A4E96A11F66AA57000C4DFD /* DMPopCodeView.m in Sources */ = {isa = PBXBuildFile; fileRef = 2A4E96A01F66AA57000C4DFD /* DMPopCodeView.m */; };
		2A4FB8881F629C7900CD670D /* libagora_fat.a in Frameworks */ = {isa = PBXBuildFile; fileRef = 2A4FB8871F629C7900CD670D /* libagora_fat.a */; };
		2A5F86C61F5CEDDF00773ADD /* DMBaseViewController.m in Sources */ = {isa = PBXBuildFile; fileRef = 2A5F86C51F5CEDDF00773ADD /* DMBaseViewController.m */; };
		2A7A64C61F629F0800D1E62C /* DMLiveVideoManager.m in Sources */ = {isa = PBXBuildFile; fileRef = 2A7A64C51F629F0800D1E62C /* DMLiveVideoManager.m */; };
		2A8782541F61438E004F9184 /* DMRequestModel.m in Sources */ = {isa = PBXBuildFile; fileRef = 2A8782531F61438E004F9184 /* DMRequestModel.m */; };
		2A9D91671F6690FC00DF4A3B /* DMCustomerCell.m in Sources */ = {isa = PBXBuildFile; fileRef = 2A9D91661F6690FC00DF4A3B /* DMCustomerCell.m */; };
		2A9D91691F669D2800DF4A3B /* codeTest.png in Resources */ = {isa = PBXBuildFile; fileRef = 2A9D91681F669D2800DF4A3B /* codeTest.png */; };
		2AC06F041F622DD2009F9BFA /* timg1.jpg in Resources */ = {isa = PBXBuildFile; fileRef = 2AC06F031F622DD2009F9BFA /* timg1.jpg */; };
		2AC06F071F6247AA009F9BFA /* DMMenuHeadView.m in Sources */ = {isa = PBXBuildFile; fileRef = 2AC06F061F6247AA009F9BFA /* DMMenuHeadView.m */; };
		2AD28D6B1F63CE160042333D /* DMTestViewController.m in Sources */ = {isa = PBXBuildFile; fileRef = 2AD28D6A1F63CE160042333D /* DMTestViewController.m */; };
		2AD2AB371F5D441D00EDA962 /* DMHomeViewController.m in Sources */ = {isa = PBXBuildFile; fileRef = 2AD2AB361F5D441D00EDA962 /* DMHomeViewController.m */; };
		2AD2AB3F1F5D47FD00EDA962 /* DMCustomerServiceViewController.m in Sources */ = {isa = PBXBuildFile; fileRef = 2AD2AB3E1F5D47FD00EDA962 /* DMCustomerServiceViewController.m */; };
		2AD2AB431F5D492700EDA962 /* DMMenuViewController.m in Sources */ = {isa = PBXBuildFile; fileRef = 2AD2AB421F5D492700EDA962 /* DMMenuViewController.m */; };
		2AF695291F6149070078DC71 /* DMBaseDataModel.m in Sources */ = {isa = PBXBuildFile; fileRef = 2AF695281F6149070078DC71 /* DMBaseDataModel.m */; };
		38CCB4B7CD85FDAEFE84B1D3 /* libPods-DiscoverMelody.a in Frameworks */ = {isa = PBXBuildFile; fileRef = 945FC02CD63525967FAFE213 /* libPods-DiscoverMelody.a */; };
		515DCEC41F62980000AA9465 /* libc++.tbd in Frameworks */ = {isa = PBXBuildFile; fileRef = 515DCEC31F62980000AA9465 /* libc++.tbd */; };
		515DCEC61F62980800AA9465 /* libresolv.tbd in Frameworks */ = {isa = PBXBuildFile; fileRef = 515DCEC51F62980800AA9465 /* libresolv.tbd */; };
		515DCEC81F62980F00AA9465 /* CoreTelephony.framework in Frameworks */ = {isa = PBXBuildFile; fileRef = 515DCEC71F62980F00AA9465 /* CoreTelephony.framework */; };
		515DCECA1F62981700AA9465 /* CoreMedia.framework in Frameworks */ = {isa = PBXBuildFile; fileRef = 515DCEC91F62981700AA9465 /* CoreMedia.framework */; };
		515DCECC1F62981E00AA9465 /* CoreMotion.framework in Frameworks */ = {isa = PBXBuildFile; fileRef = 515DCECB1F62981E00AA9465 /* CoreMotion.framework */; };
		515DCECE1F62982600AA9465 /* VideoToolbox.framework in Frameworks */ = {isa = PBXBuildFile; fileRef = 515DCECD1F62982600AA9465 /* VideoToolbox.framework */; };
		515DCED01F62982C00AA9465 /* AudioToolbox.framework in Frameworks */ = {isa = PBXBuildFile; fileRef = 515DCECF1F62982C00AA9465 /* AudioToolbox.framework */; };
		515DCED21F62984D00AA9465 /* AVFoundation.framework in Frameworks */ = {isa = PBXBuildFile; fileRef = 515DCED11F62984D00AA9465 /* AVFoundation.framework */; };
		515DCED41F62986700AA9465 /* SystemConfiguration.framework in Frameworks */ = {isa = PBXBuildFile; fileRef = 515DCED31F62986700AA9465 /* SystemConfiguration.framework */; };
		51B471391F62506D004FACC8 /* DMLiveController.m in Sources */ = {isa = PBXBuildFile; fileRef = 51B471381F62506D004FACC8 /* DMLiveController.m */; };
		51B471481F62760E004FACC8 /* DMLiveButtonControlView.m in Sources */ = {isa = PBXBuildFile; fileRef = 51B471471F62760E004FACC8 /* DMLiveButtonControlView.m */; };
		51D2D54D1F5EA73C00764130 /* DMConst.m in Sources */ = {isa = PBXBuildFile; fileRef = 51D2D54C1F5EA73C00764130 /* DMConst.m */; };
		51D2D55E1F5EBFE300764130 /* UIColor+Hex.m in Sources */ = {isa = PBXBuildFile; fileRef = 51D2D55D1F5EBFE300764130 /* UIColor+Hex.m */; };
		51D2D5641F5EC00B00764130 /* DMLoginController.m in Sources */ = {isa = PBXBuildFile; fileRef = 51D2D5611F5EC00B00764130 /* DMLoginController.m */; };
		51D2D5651F5EC00B00764130 /* DMLoginTextField.m in Sources */ = {isa = PBXBuildFile; fileRef = 51D2D5631F5EC00B00764130 /* DMLoginTextField.m */; };
		51D2D5681F5F999D00764130 /* UIView+Frame.m in Sources */ = {isa = PBXBuildFile; fileRef = 51D2D5671F5F999D00764130 /* UIView+Frame.m */; };
		51D2D5D21F60DDED00764130 /* UIColor+Extension.m in Sources */ = {isa = PBXBuildFile; fileRef = 51D2D5D11F60DDED00764130 /* UIColor+Extension.m */; };
		51D2D5D51F60E06800764130 /* DMCourseListController.m in Sources */ = {isa = PBXBuildFile; fileRef = 51D2D5D41F60E06800764130 /* DMCourseListController.m */; };
		51D2D5D81F60E2B700764130 /* DMCourseListCell.m in Sources */ = {isa = PBXBuildFile; fileRef = 51D2D5D71F60E2B700764130 /* DMCourseListCell.m */; };
		51D2D5DE1F6123DE00764130 /* NSString+Extension.m in Sources */ = {isa = PBXBuildFile; fileRef = 51D2D5DD1F6123DE00764130 /* NSString+Extension.m */; };
		51D2D62E1F613B0900764130 /* DMButton.m in Sources */ = {isa = PBXBuildFile; fileRef = 51D2D62C1F613B0900764130 /* DMButton.m */; };
		51D2D6311F613E0800764130 /* DMCourseListHeaderView.m in Sources */ = {isa = PBXBuildFile; fileRef = 51D2D6301F613E0800764130 /* DMCourseListHeaderView.m */; };
/* End PBXBuildFile section */

/* Begin PBXContainerItemProxy section */
		2A03AF5C1F555FA80088DBF4 /* PBXContainerItemProxy */ = {
			isa = PBXContainerItemProxy;
			containerPortal = 2A03AF3A1F555FA80088DBF4 /* Project object */;
			proxyType = 1;
			remoteGlobalIDString = 2A03AF411F555FA80088DBF4;
			remoteInfo = DiscoverMelody;
		};
		2A03AF671F555FA80088DBF4 /* PBXContainerItemProxy */ = {
			isa = PBXContainerItemProxy;
			containerPortal = 2A03AF3A1F555FA80088DBF4 /* Project object */;
			proxyType = 1;
			remoteGlobalIDString = 2A03AF411F555FA80088DBF4;
			remoteInfo = DiscoverMelody;
		};
/* End PBXContainerItemProxy section */

/* Begin PBXFileReference section */
		1E620A6E158816600EA0CFFE /* Pods-DiscoverMelody.debug.xcconfig */ = {isa = PBXFileReference; includeInIndex = 1; lastKnownFileType = text.xcconfig; name = "Pods-DiscoverMelody.debug.xcconfig"; path = "Pods/Target Support Files/Pods-DiscoverMelody/Pods-DiscoverMelody.debug.xcconfig"; sourceTree = "<group>"; };
		2A03AF421F555FA80088DBF4 /* DiscoverMelody.app */ = {isa = PBXFileReference; explicitFileType = wrapper.application; includeInIndex = 0; path = DiscoverMelody.app; sourceTree = BUILT_PRODUCTS_DIR; };
		2A03AF461F555FA80088DBF4 /* main.m */ = {isa = PBXFileReference; lastKnownFileType = sourcecode.c.objc; path = main.m; sourceTree = "<group>"; };
		2A03AF481F555FA80088DBF4 /* AppDelegate.h */ = {isa = PBXFileReference; lastKnownFileType = sourcecode.c.h; path = AppDelegate.h; sourceTree = "<group>"; };
		2A03AF491F555FA80088DBF4 /* AppDelegate.m */ = {isa = PBXFileReference; lastKnownFileType = sourcecode.c.objc; path = AppDelegate.m; sourceTree = "<group>"; };
		2A03AF511F555FA80088DBF4 /* Assets.xcassets */ = {isa = PBXFileReference; lastKnownFileType = folder.assetcatalog; path = Assets.xcassets; sourceTree = "<group>"; };
		2A03AF541F555FA80088DBF4 /* Base */ = {isa = PBXFileReference; lastKnownFileType = file.storyboard; name = Base; path = Base.lproj/LaunchScreen.storyboard; sourceTree = "<group>"; };
		2A03AF561F555FA80088DBF4 /* Info.plist */ = {isa = PBXFileReference; lastKnownFileType = text.plist.xml; path = Info.plist; sourceTree = "<group>"; };
		2A03AF5B1F555FA80088DBF4 /* DiscoverMelodyTests.xctest */ = {isa = PBXFileReference; explicitFileType = wrapper.cfbundle; includeInIndex = 0; path = DiscoverMelodyTests.xctest; sourceTree = BUILT_PRODUCTS_DIR; };
		2A03AF5F1F555FA80088DBF4 /* DiscoverMelodyTests.m */ = {isa = PBXFileReference; lastKnownFileType = sourcecode.c.objc; path = DiscoverMelodyTests.m; sourceTree = "<group>"; };
		2A03AF611F555FA80088DBF4 /* Info.plist */ = {isa = PBXFileReference; lastKnownFileType = text.plist.xml; path = Info.plist; sourceTree = "<group>"; };
		2A03AF661F555FA80088DBF4 /* DiscoverMelodyUITests.xctest */ = {isa = PBXFileReference; explicitFileType = wrapper.cfbundle; includeInIndex = 0; path = DiscoverMelodyUITests.xctest; sourceTree = BUILT_PRODUCTS_DIR; };
		2A03AF6A1F555FA80088DBF4 /* DiscoverMelodyUITests.m */ = {isa = PBXFileReference; lastKnownFileType = sourcecode.c.objc; path = DiscoverMelodyUITests.m; sourceTree = "<group>"; };
		2A03AF6C1F555FA80088DBF4 /* Info.plist */ = {isa = PBXFileReference; lastKnownFileType = text.plist.xml; path = Info.plist; sourceTree = "<group>"; };
		2A05C45B1F5D544100FC4D9A /* DMRootViewController.h */ = {isa = PBXFileReference; fileEncoding = 4; lastKnownFileType = sourcecode.c.h; path = DMRootViewController.h; sourceTree = "<group>"; };
		2A05C45C1F5D544100FC4D9A /* DMRootViewController.m */ = {isa = PBXFileReference; fileEncoding = 4; lastKnownFileType = sourcecode.c.objc; path = DMRootViewController.m; sourceTree = "<group>"; };
		2A05C45D1F5D544100FC4D9A /* UIViewController+DMRootViewController.h */ = {isa = PBXFileReference; fileEncoding = 4; lastKnownFileType = sourcecode.c.h; path = "UIViewController+DMRootViewController.h"; sourceTree = "<group>"; };
		2A05C45E1F5D544100FC4D9A /* UIViewController+DMRootViewController.m */ = {isa = PBXFileReference; fileEncoding = 4; lastKnownFileType = sourcecode.c.objc; path = "UIViewController+DMRootViewController.m"; sourceTree = "<group>"; };
		2A05C4611F5D545D00FC4D9A /* DMRootContainerViewController.h */ = {isa = PBXFileReference; fileEncoding = 4; lastKnownFileType = sourcecode.c.h; path = DMRootContainerViewController.h; sourceTree = "<group>"; };
		2A05C4621F5D545D00FC4D9A /* DMRootContainerViewController.m */ = {isa = PBXFileReference; fileEncoding = 4; lastKnownFileType = sourcecode.c.objc; path = DMRootContainerViewController.m; sourceTree = "<group>"; };
		2A23C96F1F665AAD0097F91B /* DMCustomerInfoView.h */ = {isa = PBXFileReference; fileEncoding = 4; lastKnownFileType = sourcecode.c.h; path = DMCustomerInfoView.h; sourceTree = "<group>"; };
		2A23C9701F665AAD0097F91B /* DMCustomerInfoView.m */ = {isa = PBXFileReference; fileEncoding = 4; lastKnownFileType = sourcecode.c.objc; path = DMCustomerInfoView.m; sourceTree = "<group>"; };
		2A23C9721F665F110097F91B /* DMCustomerPhoneCell.h */ = {isa = PBXFileReference; fileEncoding = 4; lastKnownFileType = sourcecode.c.h; path = DMCustomerPhoneCell.h; sourceTree = "<group>"; };
		2A23C9731F665F110097F91B /* DMCustomerPhoneCell.m */ = {isa = PBXFileReference; fileEncoding = 4; lastKnownFileType = sourcecode.c.objc; path = DMCustomerPhoneCell.m; sourceTree = "<group>"; };
		2A27E0CD1F5E46EC00865644 /* DMTools.h */ = {isa = PBXFileReference; fileEncoding = 4; lastKnownFileType = sourcecode.c.h; path = DMTools.h; sourceTree = "<group>"; };
		2A27E0CE1F5E46EC00865644 /* DMTools.m */ = {isa = PBXFileReference; fileEncoding = 4; lastKnownFileType = sourcecode.c.objc; path = DMTools.m; sourceTree = "<group>"; };
		2A27E0D21F5E95C600865644 /* DMHttpClient.h */ = {isa = PBXFileReference; fileEncoding = 4; lastKnownFileType = sourcecode.c.h; path = DMHttpClient.h; sourceTree = "<group>"; };
		2A27E0D31F5E95C600865644 /* DMHttpClient.m */ = {isa = PBXFileReference; fileEncoding = 4; lastKnownFileType = sourcecode.c.objc; path = DMHttpClient.m; sourceTree = "<group>"; };
		2A27E0D61F5E9E8900865644 /* zh-Hans */ = {isa = PBXFileReference; lastKnownFileType = text.plist.strings; name = "zh-Hans"; path = "zh-Hans.lproj/LaunchScreen.strings"; sourceTree = "<group>"; };
		2A27E0DA1F5EA65300865644 /* en */ = {isa = PBXFileReference; lastKnownFileType = text.plist.strings; name = en; path = en.lproj/InfoPlist.strings; sourceTree = "<group>"; };
		2A27E0DC1F5EA65D00865644 /* zh-Hans */ = {isa = PBXFileReference; lastKnownFileType = text.plist.strings; name = "zh-Hans"; path = "zh-Hans.lproj/InfoPlist.strings"; sourceTree = "<group>"; };
		2A4143871F5FF5F300E6B4E1 /* DMHomeView.h */ = {isa = PBXFileReference; fileEncoding = 4; lastKnownFileType = sourcecode.c.h; path = DMHomeView.h; sourceTree = "<group>"; };
		2A4143881F5FF5F300E6B4E1 /* DMHomeView.m */ = {isa = PBXFileReference; fileEncoding = 4; lastKnownFileType = sourcecode.c.objc; path = DMHomeView.m; sourceTree = "<group>"; };
		2A41438C1F6007DD00E6B4E1 /* timg.jpg */ = {isa = PBXFileReference; lastKnownFileType = image.jpeg; path = timg.jpg; sourceTree = "<group>"; };
		2A41438E1F600D6F00E6B4E1 /* DMHomeCell.h */ = {isa = PBXFileReference; fileEncoding = 4; lastKnownFileType = sourcecode.c.h; path = DMHomeCell.h; sourceTree = "<group>"; };
		2A41438F1F600D6F00E6B4E1 /* DMHomeCell.m */ = {isa = PBXFileReference; fileEncoding = 4; lastKnownFileType = sourcecode.c.objc; path = DMHomeCell.m; sourceTree = "<group>"; };
		2A45F96E1F60F6D50077CBA5 /* DMHomeDataModel.h */ = {isa = PBXFileReference; fileEncoding = 4; lastKnownFileType = sourcecode.c.h; path = DMHomeDataModel.h; sourceTree = "<group>"; };
		2A45F96F1F60F6D50077CBA5 /* DMHomeDataModel.m */ = {isa = PBXFileReference; fileEncoding = 4; lastKnownFileType = sourcecode.c.objc; path = DMHomeDataModel.m; sourceTree = "<group>"; };
		2A47AFB91F626A14003A90DA /* DMMenuCell.h */ = {isa = PBXFileReference; fileEncoding = 4; lastKnownFileType = sourcecode.c.h; path = DMMenuCell.h; sourceTree = "<group>"; };
		2A47AFBA1F626A14003A90DA /* DMMenuCell.m */ = {isa = PBXFileReference; fileEncoding = 4; lastKnownFileType = sourcecode.c.objc; path = DMMenuCell.m; sourceTree = "<group>"; };
		2A4E969F1F66AA57000C4DFD /* DMPopCodeView.h */ = {isa = PBXFileReference; fileEncoding = 4; lastKnownFileType = sourcecode.c.h; path = DMPopCodeView.h; sourceTree = "<group>"; };
		2A4E96A01F66AA57000C4DFD /* DMPopCodeView.m */ = {isa = PBXFileReference; fileEncoding = 4; lastKnownFileType = sourcecode.c.objc; path = DMPopCodeView.m; sourceTree = "<group>"; };
		2A4FB8861F629C7900CD670D /* agorasdk.h */ = {isa = PBXFileReference; fileEncoding = 4; lastKnownFileType = sourcecode.c.h; path = agorasdk.h; sourceTree = "<group>"; };
		2A4FB8871F629C7900CD670D /* libagora_fat.a */ = {isa = PBXFileReference; lastKnownFileType = archive.ar; path = libagora_fat.a; sourceTree = "<group>"; };
		2A5F86C41F5CEDDF00773ADD /* DMBaseViewController.h */ = {isa = PBXFileReference; fileEncoding = 4; lastKnownFileType = sourcecode.c.h; path = DMBaseViewController.h; sourceTree = "<group>"; };
		2A5F86C51F5CEDDF00773ADD /* DMBaseViewController.m */ = {isa = PBXFileReference; fileEncoding = 4; lastKnownFileType = sourcecode.c.objc; path = DMBaseViewController.m; sourceTree = "<group>"; };
		2A5F86C71F5D260E00773ADD /* DiscoverMelody-Prefix.pch */ = {isa = PBXFileReference; fileEncoding = 4; lastKnownFileType = sourcecode.c.h; path = "DiscoverMelody-Prefix.pch"; sourceTree = "<group>"; };
		2A68AF061F6624B300EECEF3 /* DMServerApiConfig.h */ = {isa = PBXFileReference; lastKnownFileType = sourcecode.c.h; path = DMServerApiConfig.h; sourceTree = "<group>"; };
		2A7A64C41F629F0800D1E62C /* DMLiveVideoManager.h */ = {isa = PBXFileReference; fileEncoding = 4; lastKnownFileType = sourcecode.c.h; path = DMLiveVideoManager.h; sourceTree = "<group>"; };
		2A7A64C51F629F0800D1E62C /* DMLiveVideoManager.m */ = {isa = PBXFileReference; fileEncoding = 4; lastKnownFileType = sourcecode.c.objc; path = DMLiveVideoManager.m; sourceTree = "<group>"; };
		2A87824C1F613006004F9184 /* DMNetConntectDefine.h */ = {isa = PBXFileReference; fileEncoding = 4; lastKnownFileType = sourcecode.c.h; path = DMNetConntectDefine.h; sourceTree = "<group>"; };
		2A8782521F61438E004F9184 /* DMRequestModel.h */ = {isa = PBXFileReference; fileEncoding = 4; lastKnownFileType = sourcecode.c.h; path = DMRequestModel.h; sourceTree = "<group>"; };
		2A8782531F61438E004F9184 /* DMRequestModel.m */ = {isa = PBXFileReference; fileEncoding = 4; lastKnownFileType = sourcecode.c.objc; path = DMRequestModel.m; sourceTree = "<group>"; };
		2A9D91651F6690FC00DF4A3B /* DMCustomerCell.h */ = {isa = PBXFileReference; fileEncoding = 4; lastKnownFileType = sourcecode.c.h; path = DMCustomerCell.h; sourceTree = "<group>"; };
		2A9D91661F6690FC00DF4A3B /* DMCustomerCell.m */ = {isa = PBXFileReference; fileEncoding = 4; lastKnownFileType = sourcecode.c.objc; path = DMCustomerCell.m; sourceTree = "<group>"; };
		2A9D91681F669D2800DF4A3B /* codeTest.png */ = {isa = PBXFileReference; lastKnownFileType = image.png; path = codeTest.png; sourceTree = "<group>"; };
		2AC06F031F622DD2009F9BFA /* timg1.jpg */ = {isa = PBXFileReference; lastKnownFileType = image.jpeg; path = timg1.jpg; sourceTree = "<group>"; };
		2AC06F051F6247AA009F9BFA /* DMMenuHeadView.h */ = {isa = PBXFileReference; fileEncoding = 4; lastKnownFileType = sourcecode.c.h; path = DMMenuHeadView.h; sourceTree = "<group>"; };
		2AC06F061F6247AA009F9BFA /* DMMenuHeadView.m */ = {isa = PBXFileReference; fileEncoding = 4; lastKnownFileType = sourcecode.c.objc; path = DMMenuHeadView.m; sourceTree = "<group>"; };
		2AD28D691F63CE160042333D /* DMTestViewController.h */ = {isa = PBXFileReference; fileEncoding = 4; lastKnownFileType = sourcecode.c.h; path = DMTestViewController.h; sourceTree = "<group>"; };
		2AD28D6A1F63CE160042333D /* DMTestViewController.m */ = {isa = PBXFileReference; fileEncoding = 4; lastKnownFileType = sourcecode.c.objc; path = DMTestViewController.m; sourceTree = "<group>"; };
		2AD2AB351F5D441D00EDA962 /* DMHomeViewController.h */ = {isa = PBXFileReference; fileEncoding = 4; lastKnownFileType = sourcecode.c.h; path = DMHomeViewController.h; sourceTree = "<group>"; };
		2AD2AB361F5D441D00EDA962 /* DMHomeViewController.m */ = {isa = PBXFileReference; fileEncoding = 4; lastKnownFileType = sourcecode.c.objc; path = DMHomeViewController.m; sourceTree = "<group>"; };
		2AD2AB3D1F5D47FD00EDA962 /* DMCustomerServiceViewController.h */ = {isa = PBXFileReference; fileEncoding = 4; lastKnownFileType = sourcecode.c.h; path = DMCustomerServiceViewController.h; sourceTree = "<group>"; };
		2AD2AB3E1F5D47FD00EDA962 /* DMCustomerServiceViewController.m */ = {isa = PBXFileReference; fileEncoding = 4; lastKnownFileType = sourcecode.c.objc; path = DMCustomerServiceViewController.m; sourceTree = "<group>"; };
		2AD2AB411F5D492700EDA962 /* DMMenuViewController.h */ = {isa = PBXFileReference; fileEncoding = 4; lastKnownFileType = sourcecode.c.h; path = DMMenuViewController.h; sourceTree = "<group>"; };
		2AD2AB421F5D492700EDA962 /* DMMenuViewController.m */ = {isa = PBXFileReference; fileEncoding = 4; lastKnownFileType = sourcecode.c.objc; path = DMMenuViewController.m; sourceTree = "<group>"; };
		2AF695271F6149070078DC71 /* DMBaseDataModel.h */ = {isa = PBXFileReference; fileEncoding = 4; lastKnownFileType = sourcecode.c.h; path = DMBaseDataModel.h; sourceTree = "<group>"; };
		2AF695281F6149070078DC71 /* DMBaseDataModel.m */ = {isa = PBXFileReference; fileEncoding = 4; lastKnownFileType = sourcecode.c.objc; path = DMBaseDataModel.m; sourceTree = "<group>"; };
		2BF41B440646DC59DC6A7EC6 /* Pods-DiscoverMelody.release.xcconfig */ = {isa = PBXFileReference; includeInIndex = 1; lastKnownFileType = text.xcconfig; name = "Pods-DiscoverMelody.release.xcconfig"; path = "Pods/Target Support Files/Pods-DiscoverMelody/Pods-DiscoverMelody.release.xcconfig"; sourceTree = "<group>"; };
		515DCEC31F62980000AA9465 /* libc++.tbd */ = {isa = PBXFileReference; lastKnownFileType = "sourcecode.text-based-dylib-definition"; name = "libc++.tbd"; path = "usr/lib/libc++.tbd"; sourceTree = SDKROOT; };
		515DCEC51F62980800AA9465 /* libresolv.tbd */ = {isa = PBXFileReference; lastKnownFileType = "sourcecode.text-based-dylib-definition"; name = libresolv.tbd; path = usr/lib/libresolv.tbd; sourceTree = SDKROOT; };
		515DCEC71F62980F00AA9465 /* CoreTelephony.framework */ = {isa = PBXFileReference; lastKnownFileType = wrapper.framework; name = CoreTelephony.framework; path = System/Library/Frameworks/CoreTelephony.framework; sourceTree = SDKROOT; };
		515DCEC91F62981700AA9465 /* CoreMedia.framework */ = {isa = PBXFileReference; lastKnownFileType = wrapper.framework; name = CoreMedia.framework; path = System/Library/Frameworks/CoreMedia.framework; sourceTree = SDKROOT; };
		515DCECB1F62981E00AA9465 /* CoreMotion.framework */ = {isa = PBXFileReference; lastKnownFileType = wrapper.framework; name = CoreMotion.framework; path = System/Library/Frameworks/CoreMotion.framework; sourceTree = SDKROOT; };
		515DCECD1F62982600AA9465 /* VideoToolbox.framework */ = {isa = PBXFileReference; lastKnownFileType = wrapper.framework; name = VideoToolbox.framework; path = System/Library/Frameworks/VideoToolbox.framework; sourceTree = SDKROOT; };
		515DCECF1F62982C00AA9465 /* AudioToolbox.framework */ = {isa = PBXFileReference; lastKnownFileType = wrapper.framework; name = AudioToolbox.framework; path = System/Library/Frameworks/AudioToolbox.framework; sourceTree = SDKROOT; };
		515DCED11F62984D00AA9465 /* AVFoundation.framework */ = {isa = PBXFileReference; lastKnownFileType = wrapper.framework; name = AVFoundation.framework; path = System/Library/Frameworks/AVFoundation.framework; sourceTree = SDKROOT; };
		515DCED31F62986700AA9465 /* SystemConfiguration.framework */ = {isa = PBXFileReference; lastKnownFileType = wrapper.framework; name = SystemConfiguration.framework; path = System/Library/Frameworks/SystemConfiguration.framework; sourceTree = SDKROOT; };
		51B471371F62506D004FACC8 /* DMLiveController.h */ = {isa = PBXFileReference; fileEncoding = 4; lastKnownFileType = sourcecode.c.h; path = DMLiveController.h; sourceTree = "<group>"; };
		51B471381F62506D004FACC8 /* DMLiveController.m */ = {isa = PBXFileReference; fileEncoding = 4; lastKnownFileType = sourcecode.c.objc; path = DMLiveController.m; sourceTree = "<group>"; };
		51B471431F62717A004FACC8 /* DMConfig.h */ = {isa = PBXFileReference; fileEncoding = 4; lastKnownFileType = sourcecode.c.h; path = DMConfig.h; sourceTree = "<group>"; };
		51B471461F62760E004FACC8 /* DMLiveButtonControlView.h */ = {isa = PBXFileReference; fileEncoding = 4; lastKnownFileType = sourcecode.c.h; path = DMLiveButtonControlView.h; sourceTree = "<group>"; };
		51B471471F62760E004FACC8 /* DMLiveButtonControlView.m */ = {isa = PBXFileReference; fileEncoding = 4; lastKnownFileType = sourcecode.c.objc; path = DMLiveButtonControlView.m; sourceTree = "<group>"; };
		51D2D54B1F5EA73C00764130 /* DMConst.h */ = {isa = PBXFileReference; fileEncoding = 4; lastKnownFileType = sourcecode.c.h; path = DMConst.h; sourceTree = "<group>"; };
		51D2D54C1F5EA73C00764130 /* DMConst.m */ = {isa = PBXFileReference; fileEncoding = 4; lastKnownFileType = sourcecode.c.objc; path = DMConst.m; sourceTree = "<group>"; };
		51D2D54E1F5EA84E00764130 /* DMMacros.h */ = {isa = PBXFileReference; fileEncoding = 4; lastKnownFileType = sourcecode.c.h; path = DMMacros.h; sourceTree = "<group>"; };
		51D2D55C1F5EBFE300764130 /* UIColor+Hex.h */ = {isa = PBXFileReference; fileEncoding = 4; lastKnownFileType = sourcecode.c.h; path = "UIColor+Hex.h"; sourceTree = "<group>"; };
		51D2D55D1F5EBFE300764130 /* UIColor+Hex.m */ = {isa = PBXFileReference; fileEncoding = 4; lastKnownFileType = sourcecode.c.objc; path = "UIColor+Hex.m"; sourceTree = "<group>"; };
		51D2D5601F5EC00B00764130 /* DMLoginController.h */ = {isa = PBXFileReference; fileEncoding = 4; lastKnownFileType = sourcecode.c.h; path = DMLoginController.h; sourceTree = "<group>"; };
		51D2D5611F5EC00B00764130 /* DMLoginController.m */ = {isa = PBXFileReference; fileEncoding = 4; lastKnownFileType = sourcecode.c.objc; path = DMLoginController.m; sourceTree = "<group>"; };
		51D2D5621F5EC00B00764130 /* DMLoginTextField.h */ = {isa = PBXFileReference; fileEncoding = 4; lastKnownFileType = sourcecode.c.h; path = DMLoginTextField.h; sourceTree = "<group>"; };
		51D2D5631F5EC00B00764130 /* DMLoginTextField.m */ = {isa = PBXFileReference; fileEncoding = 4; lastKnownFileType = sourcecode.c.objc; path = DMLoginTextField.m; sourceTree = "<group>"; };
		51D2D5661F5F999D00764130 /* UIView+Frame.h */ = {isa = PBXFileReference; fileEncoding = 4; lastKnownFileType = sourcecode.c.h; path = "UIView+Frame.h"; sourceTree = "<group>"; };
		51D2D5671F5F999D00764130 /* UIView+Frame.m */ = {isa = PBXFileReference; fileEncoding = 4; lastKnownFileType = sourcecode.c.objc; path = "UIView+Frame.m"; sourceTree = "<group>"; };
		51D2D5D01F60DDED00764130 /* UIColor+Extension.h */ = {isa = PBXFileReference; fileEncoding = 4; lastKnownFileType = sourcecode.c.h; path = "UIColor+Extension.h"; sourceTree = "<group>"; };
		51D2D5D11F60DDED00764130 /* UIColor+Extension.m */ = {isa = PBXFileReference; fileEncoding = 4; lastKnownFileType = sourcecode.c.objc; path = "UIColor+Extension.m"; sourceTree = "<group>"; };
		51D2D5D31F60E06800764130 /* DMCourseListController.h */ = {isa = PBXFileReference; fileEncoding = 4; lastKnownFileType = sourcecode.c.h; path = DMCourseListController.h; sourceTree = "<group>"; };
		51D2D5D41F60E06800764130 /* DMCourseListController.m */ = {isa = PBXFileReference; fileEncoding = 4; lastKnownFileType = sourcecode.c.objc; path = DMCourseListController.m; sourceTree = "<group>"; };
		51D2D5D61F60E2B700764130 /* DMCourseListCell.h */ = {isa = PBXFileReference; fileEncoding = 4; lastKnownFileType = sourcecode.c.h; path = DMCourseListCell.h; sourceTree = "<group>"; };
		51D2D5D71F60E2B700764130 /* DMCourseListCell.m */ = {isa = PBXFileReference; fileEncoding = 4; lastKnownFileType = sourcecode.c.objc; path = DMCourseListCell.m; sourceTree = "<group>"; };
		51D2D5DC1F6123DE00764130 /* NSString+Extension.h */ = {isa = PBXFileReference; fileEncoding = 4; lastKnownFileType = sourcecode.c.h; path = "NSString+Extension.h"; sourceTree = "<group>"; };
		51D2D5DD1F6123DE00764130 /* NSString+Extension.m */ = {isa = PBXFileReference; fileEncoding = 4; lastKnownFileType = sourcecode.c.objc; path = "NSString+Extension.m"; sourceTree = "<group>"; };
		51D2D62C1F613B0900764130 /* DMButton.m */ = {isa = PBXFileReference; fileEncoding = 4; lastKnownFileType = sourcecode.c.objc; path = DMButton.m; sourceTree = "<group>"; };
		51D2D62D1F613B0900764130 /* DMButton.h */ = {isa = PBXFileReference; fileEncoding = 4; lastKnownFileType = sourcecode.c.h; path = DMButton.h; sourceTree = "<group>"; };
		51D2D62F1F613E0800764130 /* DMCourseListHeaderView.h */ = {isa = PBXFileReference; fileEncoding = 4; lastKnownFileType = sourcecode.c.h; path = DMCourseListHeaderView.h; sourceTree = "<group>"; };
		51D2D6301F613E0800764130 /* DMCourseListHeaderView.m */ = {isa = PBXFileReference; fileEncoding = 4; lastKnownFileType = sourcecode.c.objc; path = DMCourseListHeaderView.m; sourceTree = "<group>"; };
		945FC02CD63525967FAFE213 /* libPods-DiscoverMelody.a */ = {isa = PBXFileReference; explicitFileType = archive.ar; includeInIndex = 0; path = "libPods-DiscoverMelody.a"; sourceTree = BUILT_PRODUCTS_DIR; };
/* End PBXFileReference section */

/* Begin PBXFrameworksBuildPhase section */
		2A03AF3F1F555FA80088DBF4 /* Frameworks */ = {
			isa = PBXFrameworksBuildPhase;
			buildActionMask = 2147483647;
			files = (
				515DCED41F62986700AA9465 /* SystemConfiguration.framework in Frameworks */,
				515DCED21F62984D00AA9465 /* AVFoundation.framework in Frameworks */,
				515DCED01F62982C00AA9465 /* AudioToolbox.framework in Frameworks */,
				515DCECE1F62982600AA9465 /* VideoToolbox.framework in Frameworks */,
				515DCECC1F62981E00AA9465 /* CoreMotion.framework in Frameworks */,
				515DCECA1F62981700AA9465 /* CoreMedia.framework in Frameworks */,
				515DCEC81F62980F00AA9465 /* CoreTelephony.framework in Frameworks */,
				515DCEC61F62980800AA9465 /* libresolv.tbd in Frameworks */,
				515DCEC41F62980000AA9465 /* libc++.tbd in Frameworks */,
				2A4FB8881F629C7900CD670D /* libagora_fat.a in Frameworks */,
				38CCB4B7CD85FDAEFE84B1D3 /* libPods-DiscoverMelody.a in Frameworks */,
			);
			runOnlyForDeploymentPostprocessing = 0;
		};
		2A03AF581F555FA80088DBF4 /* Frameworks */ = {
			isa = PBXFrameworksBuildPhase;
			buildActionMask = 2147483647;
			files = (
			);
			runOnlyForDeploymentPostprocessing = 0;
		};
		2A03AF631F555FA80088DBF4 /* Frameworks */ = {
			isa = PBXFrameworksBuildPhase;
			buildActionMask = 2147483647;
			files = (
			);
			runOnlyForDeploymentPostprocessing = 0;
		};
/* End PBXFrameworksBuildPhase section */

/* Begin PBXGroup section */
		2A03AF391F555FA80088DBF4 = {
			isa = PBXGroup;
			children = (
				2A03AF441F555FA80088DBF4 /* DiscoverMelody */,
				2A03AF5E1F555FA80088DBF4 /* DiscoverMelodyTests */,
				2A03AF691F555FA80088DBF4 /* DiscoverMelodyUITests */,
				2A03AF431F555FA80088DBF4 /* Products */,
				68F3B91CEBABB74BAD9DF5AA /* Pods */,
				ECE8EBFEEC0F26A03517179E /* Frameworks */,
			);
			sourceTree = "<group>";
		};
		2A03AF431F555FA80088DBF4 /* Products */ = {
			isa = PBXGroup;
			children = (
				2A03AF421F555FA80088DBF4 /* DiscoverMelody.app */,
				2A03AF5B1F555FA80088DBF4 /* DiscoverMelodyTests.xctest */,
				2A03AF661F555FA80088DBF4 /* DiscoverMelodyUITests.xctest */,
			);
			name = Products;
			sourceTree = "<group>";
		};
		2A03AF441F555FA80088DBF4 /* DiscoverMelody */ = {
			isa = PBXGroup;
			children = (
				2A4FB8831F628E1200CD670D /* Vendors */,
				51D2D62B1F613ACA00764130 /* Common */,
				51D2D55B1F5EBFDD00764130 /* Categories */,
				2A27E0D11F5E914200865644 /* Network */,
				2A497EB51F5E46B9009DEFF4 /* Utils */,
				2A08AF981F5D43A200B504F3 /* Class */,
				2A5F86C31F5CEDAD00773ADD /* Base */,
				2A03AF481F555FA80088DBF4 /* AppDelegate.h */,
				2A03AF491F555FA80088DBF4 /* AppDelegate.m */,
				2A03AF511F555FA80088DBF4 /* Assets.xcassets */,
				2A03AF531F555FA80088DBF4 /* LaunchScreen.storyboard */,
				2A03AF561F555FA80088DBF4 /* Info.plist */,
				2A27E0DB1F5EA65300865644 /* InfoPlist.strings */,
				2A03AF451F555FA80088DBF4 /* Supporting Files */,
			);
			path = DiscoverMelody;
			sourceTree = "<group>";
		};
		2A03AF451F555FA80088DBF4 /* Supporting Files */ = {
			isa = PBXGroup;
			children = (
				2A03AF461F555FA80088DBF4 /* main.m */,
				2A5F86C71F5D260E00773ADD /* DiscoverMelody-Prefix.pch */,
			);
			name = "Supporting Files";
			sourceTree = "<group>";
		};
		2A03AF5E1F555FA80088DBF4 /* DiscoverMelodyTests */ = {
			isa = PBXGroup;
			children = (
				2A03AF5F1F555FA80088DBF4 /* DiscoverMelodyTests.m */,
				2A03AF611F555FA80088DBF4 /* Info.plist */,
			);
			path = DiscoverMelodyTests;
			sourceTree = "<group>";
		};
		2A03AF691F555FA80088DBF4 /* DiscoverMelodyUITests */ = {
			isa = PBXGroup;
			children = (
				2A03AF6A1F555FA80088DBF4 /* DiscoverMelodyUITests.m */,
				2A03AF6C1F555FA80088DBF4 /* Info.plist */,
			);
			path = DiscoverMelodyUITests;
			sourceTree = "<group>";
		};
		2A05C45A1F5D544100FC4D9A /* Root */ = {
			isa = PBXGroup;
			children = (
				2A05C45B1F5D544100FC4D9A /* DMRootViewController.h */,
				2A05C45C1F5D544100FC4D9A /* DMRootViewController.m */,
				2A05C45D1F5D544100FC4D9A /* UIViewController+DMRootViewController.h */,
				2A05C45E1F5D544100FC4D9A /* UIViewController+DMRootViewController.m */,
				2A05C4611F5D545D00FC4D9A /* DMRootContainerViewController.h */,
				2A05C4621F5D545D00FC4D9A /* DMRootContainerViewController.m */,
			);
			path = Root;
			sourceTree = "<group>";
		};
		2A08AF981F5D43A200B504F3 /* Class */ = {
			isa = PBXGroup;
			children = (
				51D2D55F1F5EC00B00764130 /* Login */,
				2AD2AB401F5D490300EDA962 /* SliderMenu */,
				2AD2AB3C1F5D47EE00EDA962 /* CustomerService */,
				2AD2AB381F5D444A00EDA962 /* CourseList */,
				2AB095B41F5D43D600E3644B /* HomePage */,
			);
			path = Class;
			sourceTree = "<group>";
		};
		2A27E0D11F5E914200865644 /* Network */ = {
			isa = PBXGroup;
			children = (
				2A27E0D21F5E95C600865644 /* DMHttpClient.h */,
				2A27E0D31F5E95C600865644 /* DMHttpClient.m */,
				2A87824C1F613006004F9184 /* DMNetConntectDefine.h */,
				2A8782521F61438E004F9184 /* DMRequestModel.h */,
				2A8782531F61438E004F9184 /* DMRequestModel.m */,
			);
			path = Network;
			sourceTree = "<group>";
		};
		2A497EB51F5E46B9009DEFF4 /* Utils */ = {
			isa = PBXGroup;
			children = (
				51B471431F62717A004FACC8 /* DMConfig.h */,
				51D2D54E1F5EA84E00764130 /* DMMacros.h */,
				51D2D54B1F5EA73C00764130 /* DMConst.h */,
				51D2D54C1F5EA73C00764130 /* DMConst.m */,
				2A27E0CD1F5E46EC00865644 /* DMTools.h */,
				2A27E0CE1F5E46EC00865644 /* DMTools.m */,
				2A68AF061F6624B300EECEF3 /* DMServerApiConfig.h */,
			);
			path = Utils;
			sourceTree = "<group>";
		};
		2A4FB8831F628E1200CD670D /* Vendors */ = {
			isa = PBXGroup;
			children = (
				2A4FB8841F628E7A00CD670D /* LiveVideo */,
			);
			path = Vendors;
			sourceTree = "<group>";
		};
		2A4FB8841F628E7A00CD670D /* LiveVideo */ = {
			isa = PBXGroup;
			children = (
				2A4FB8851F629B8900CD670D /* SignalingSDK */,
				2A7A64C41F629F0800D1E62C /* DMLiveVideoManager.h */,
				2A7A64C51F629F0800D1E62C /* DMLiveVideoManager.m */,
			);
			path = LiveVideo;
			sourceTree = "<group>";
		};
		2A4FB8851F629B8900CD670D /* SignalingSDK */ = {
			isa = PBXGroup;
			children = (
				2A4FB8861F629C7900CD670D /* agorasdk.h */,
				2A4FB8871F629C7900CD670D /* libagora_fat.a */,
			);
			path = SignalingSDK;
			sourceTree = "<group>";
		};
		2A5F86C31F5CEDAD00773ADD /* Base */ = {
			isa = PBXGroup;
			children = (
				2A9D91681F669D2800DF4A3B /* codeTest.png */,
				2AC06F031F622DD2009F9BFA /* timg1.jpg */,
				2A41438C1F6007DD00E6B4E1 /* timg.jpg */,
				2A05C45A1F5D544100FC4D9A /* Root */,
				2A5F86C41F5CEDDF00773ADD /* DMBaseViewController.h */,
				2A5F86C51F5CEDDF00773ADD /* DMBaseViewController.m */,
				2AF695271F6149070078DC71 /* DMBaseDataModel.h */,
				2AF695281F6149070078DC71 /* DMBaseDataModel.m */,
			);
			path = Base;
			sourceTree = "<group>";
		};
		2AB095B41F5D43D600E3644B /* HomePage */ = {
			isa = PBXGroup;
			children = (
				2AD28D691F63CE160042333D /* DMTestViewController.h */,
				2AD28D6A1F63CE160042333D /* DMTestViewController.m */,
				2AD2AB351F5D441D00EDA962 /* DMHomeViewController.h */,
				2AD2AB361F5D441D00EDA962 /* DMHomeViewController.m */,
				2A4143871F5FF5F300E6B4E1 /* DMHomeView.h */,
				2A4143881F5FF5F300E6B4E1 /* DMHomeView.m */,
				2A41438E1F600D6F00E6B4E1 /* DMHomeCell.h */,
				2A41438F1F600D6F00E6B4E1 /* DMHomeCell.m */,
				2A45F96E1F60F6D50077CBA5 /* DMHomeDataModel.h */,
				2A45F96F1F60F6D50077CBA5 /* DMHomeDataModel.m */,
				51B471361F625052004FACC8 /* Live */,
			);
			path = HomePage;
			sourceTree = "<group>";
		};
		2AD2AB381F5D444A00EDA962 /* CourseList */ = {
			isa = PBXGroup;
			children = (
				51D2D5D31F60E06800764130 /* DMCourseListController.h */,
				51D2D5D41F60E06800764130 /* DMCourseListController.m */,
				51D2D5D61F60E2B700764130 /* DMCourseListCell.h */,
				51D2D5D71F60E2B700764130 /* DMCourseListCell.m */,
				51D2D62F1F613E0800764130 /* DMCourseListHeaderView.h */,
				51D2D6301F613E0800764130 /* DMCourseListHeaderView.m */,
			);
			path = CourseList;
			sourceTree = "<group>";
		};
		2AD2AB3C1F5D47EE00EDA962 /* CustomerService */ = {
			isa = PBXGroup;
			children = (
				2AD2AB3D1F5D47FD00EDA962 /* DMCustomerServiceViewController.h */,
				2AD2AB3E1F5D47FD00EDA962 /* DMCustomerServiceViewController.m */,
				2A23C96F1F665AAD0097F91B /* DMCustomerInfoView.h */,
				2A23C9701F665AAD0097F91B /* DMCustomerInfoView.m */,
				2A23C9721F665F110097F91B /* DMCustomerPhoneCell.h */,
				2A23C9731F665F110097F91B /* DMCustomerPhoneCell.m */,
				2A9D91651F6690FC00DF4A3B /* DMCustomerCell.h */,
				2A9D91661F6690FC00DF4A3B /* DMCustomerCell.m */,
				2A4E969F1F66AA57000C4DFD /* DMPopCodeView.h */,
				2A4E96A01F66AA57000C4DFD /* DMPopCodeView.m */,
			);
			path = CustomerService;
			sourceTree = "<group>";
		};
		2AD2AB401F5D490300EDA962 /* SliderMenu */ = {
			isa = PBXGroup;
			children = (
				2AD2AB411F5D492700EDA962 /* DMMenuViewController.h */,
				2AD2AB421F5D492700EDA962 /* DMMenuViewController.m */,
				2AC06F051F6247AA009F9BFA /* DMMenuHeadView.h */,
				2AC06F061F6247AA009F9BFA /* DMMenuHeadView.m */,
				2A47AFB91F626A14003A90DA /* DMMenuCell.h */,
				2A47AFBA1F626A14003A90DA /* DMMenuCell.m */,
			);
			path = SliderMenu;
			sourceTree = "<group>";
		};
		51B471361F625052004FACC8 /* Live */ = {
			isa = PBXGroup;
			children = (
				51B471371F62506D004FACC8 /* DMLiveController.h */,
				51B471381F62506D004FACC8 /* DMLiveController.m */,
				51B471461F62760E004FACC8 /* DMLiveButtonControlView.h */,
				51B471471F62760E004FACC8 /* DMLiveButtonControlView.m */,
			);
			path = Live;
			sourceTree = "<group>";
		};
		51D2D55B1F5EBFDD00764130 /* Categories */ = {
			isa = PBXGroup;
			children = (
				51D2D55C1F5EBFE300764130 /* UIColor+Hex.h */,
				51D2D55D1F5EBFE300764130 /* UIColor+Hex.m */,
				51D2D5661F5F999D00764130 /* UIView+Frame.h */,
				51D2D5671F5F999D00764130 /* UIView+Frame.m */,
				51D2D5D01F60DDED00764130 /* UIColor+Extension.h */,
				51D2D5D11F60DDED00764130 /* UIColor+Extension.m */,
				51D2D5DC1F6123DE00764130 /* NSString+Extension.h */,
				51D2D5DD1F6123DE00764130 /* NSString+Extension.m */,
			);
			path = Categories;
			sourceTree = "<group>";
		};
		51D2D55F1F5EC00B00764130 /* Login */ = {
			isa = PBXGroup;
			children = (
				51D2D5601F5EC00B00764130 /* DMLoginController.h */,
				51D2D5611F5EC00B00764130 /* DMLoginController.m */,
				51D2D5621F5EC00B00764130 /* DMLoginTextField.h */,
				51D2D5631F5EC00B00764130 /* DMLoginTextField.m */,
			);
			path = Login;
			sourceTree = "<group>";
		};
		51D2D62B1F613ACA00764130 /* Common */ = {
			isa = PBXGroup;
			children = (
				51D2D62D1F613B0900764130 /* DMButton.h */,
				51D2D62C1F613B0900764130 /* DMButton.m */,
			);
			path = Common;
			sourceTree = "<group>";
		};
		68F3B91CEBABB74BAD9DF5AA /* Pods */ = {
			isa = PBXGroup;
			children = (
				1E620A6E158816600EA0CFFE /* Pods-DiscoverMelody.debug.xcconfig */,
				2BF41B440646DC59DC6A7EC6 /* Pods-DiscoverMelody.release.xcconfig */,
			);
			name = Pods;
			sourceTree = "<group>";
		};
		ECE8EBFEEC0F26A03517179E /* Frameworks */ = {
			isa = PBXGroup;
			children = (
				515DCED31F62986700AA9465 /* SystemConfiguration.framework */,
				515DCED11F62984D00AA9465 /* AVFoundation.framework */,
				515DCECF1F62982C00AA9465 /* AudioToolbox.framework */,
				515DCECD1F62982600AA9465 /* VideoToolbox.framework */,
				515DCECB1F62981E00AA9465 /* CoreMotion.framework */,
				515DCEC91F62981700AA9465 /* CoreMedia.framework */,
				515DCEC71F62980F00AA9465 /* CoreTelephony.framework */,
				515DCEC51F62980800AA9465 /* libresolv.tbd */,
				515DCEC31F62980000AA9465 /* libc++.tbd */,
				945FC02CD63525967FAFE213 /* libPods-DiscoverMelody.a */,
			);
			name = Frameworks;
			sourceTree = "<group>";
		};
/* End PBXGroup section */

/* Begin PBXNativeTarget section */
		2A03AF411F555FA80088DBF4 /* DiscoverMelody */ = {
			isa = PBXNativeTarget;
			buildConfigurationList = 2A03AF6F1F555FA80088DBF4 /* Build configuration list for PBXNativeTarget "DiscoverMelody" */;
			buildPhases = (
				0CBD6ABCAADA1953130F8AA6 /* [CP] Check Pods Manifest.lock */,
				2A03AF3E1F555FA80088DBF4 /* Sources */,
				2A03AF3F1F555FA80088DBF4 /* Frameworks */,
				2A03AF401F555FA80088DBF4 /* Resources */,
				0DA333F7C47FCCB3972E89E5 /* [CP] Embed Pods Frameworks */,
				45516BBEF71FD306F71245CE /* [CP] Copy Pods Resources */,
			);
			buildRules = (
			);
			dependencies = (
			);
			name = DiscoverMelody;
			productName = DiscoverMelody;
			productReference = 2A03AF421F555FA80088DBF4 /* DiscoverMelody.app */;
			productType = "com.apple.product-type.application";
		};
		2A03AF5A1F555FA80088DBF4 /* DiscoverMelodyTests */ = {
			isa = PBXNativeTarget;
			buildConfigurationList = 2A03AF721F555FA80088DBF4 /* Build configuration list for PBXNativeTarget "DiscoverMelodyTests" */;
			buildPhases = (
				2A03AF571F555FA80088DBF4 /* Sources */,
				2A03AF581F555FA80088DBF4 /* Frameworks */,
				2A03AF591F555FA80088DBF4 /* Resources */,
			);
			buildRules = (
			);
			dependencies = (
				2A03AF5D1F555FA80088DBF4 /* PBXTargetDependency */,
			);
			name = DiscoverMelodyTests;
			productName = DiscoverMelodyTests;
			productReference = 2A03AF5B1F555FA80088DBF4 /* DiscoverMelodyTests.xctest */;
			productType = "com.apple.product-type.bundle.unit-test";
		};
		2A03AF651F555FA80088DBF4 /* DiscoverMelodyUITests */ = {
			isa = PBXNativeTarget;
			buildConfigurationList = 2A03AF751F555FA80088DBF4 /* Build configuration list for PBXNativeTarget "DiscoverMelodyUITests" */;
			buildPhases = (
				2A03AF621F555FA80088DBF4 /* Sources */,
				2A03AF631F555FA80088DBF4 /* Frameworks */,
				2A03AF641F555FA80088DBF4 /* Resources */,
			);
			buildRules = (
			);
			dependencies = (
				2A03AF681F555FA80088DBF4 /* PBXTargetDependency */,
			);
			name = DiscoverMelodyUITests;
			productName = DiscoverMelodyUITests;
			productReference = 2A03AF661F555FA80088DBF4 /* DiscoverMelodyUITests.xctest */;
			productType = "com.apple.product-type.bundle.ui-testing";
		};
/* End PBXNativeTarget section */

/* Begin PBXProject section */
		2A03AF3A1F555FA80088DBF4 /* Project object */ = {
			isa = PBXProject;
			attributes = {
				CLASSPREFIX = DM;
				LastUpgradeCheck = 0830;
				ORGANIZATIONNAME = "Discover Melody";
				TargetAttributes = {
					2A03AF411F555FA80088DBF4 = {
						CreatedOnToolsVersion = 8.3.3;
						DevelopmentTeam = BR9B47C6A9;
						ProvisioningStyle = Automatic;
					};
					2A03AF5A1F555FA80088DBF4 = {
						CreatedOnToolsVersion = 8.3.3;
						ProvisioningStyle = Automatic;
						TestTargetID = 2A03AF411F555FA80088DBF4;
					};
					2A03AF651F555FA80088DBF4 = {
						CreatedOnToolsVersion = 8.3.3;
						ProvisioningStyle = Automatic;
						TestTargetID = 2A03AF411F555FA80088DBF4;
					};
				};
			};
			buildConfigurationList = 2A03AF3D1F555FA80088DBF4 /* Build configuration list for PBXProject "DiscoverMelody" */;
			compatibilityVersion = "Xcode 3.2";
			developmentRegion = English;
			hasScannedForEncodings = 0;
			knownRegions = (
				en,
				Base,
				"zh-Hans",
			);
			mainGroup = 2A03AF391F555FA80088DBF4;
			productRefGroup = 2A03AF431F555FA80088DBF4 /* Products */;
			projectDirPath = "";
			projectRoot = "";
			targets = (
				2A03AF411F555FA80088DBF4 /* DiscoverMelody */,
				2A03AF5A1F555FA80088DBF4 /* DiscoverMelodyTests */,
				2A03AF651F555FA80088DBF4 /* DiscoverMelodyUITests */,
			);
		};
/* End PBXProject section */

/* Begin PBXResourcesBuildPhase section */
		2A03AF401F555FA80088DBF4 /* Resources */ = {
			isa = PBXResourcesBuildPhase;
			buildActionMask = 2147483647;
			files = (
				2A41438D1F6007DD00E6B4E1 /* timg.jpg in Resources */,
				2A03AF551F555FA80088DBF4 /* LaunchScreen.storyboard in Resources */,
				2A27E0D91F5EA65300865644 /* InfoPlist.strings in Resources */,
				2AC06F041F622DD2009F9BFA /* timg1.jpg in Resources */,
				2A9D91691F669D2800DF4A3B /* codeTest.png in Resources */,
				2A03AF521F555FA80088DBF4 /* Assets.xcassets in Resources */,
			);
			runOnlyForDeploymentPostprocessing = 0;
		};
		2A03AF591F555FA80088DBF4 /* Resources */ = {
			isa = PBXResourcesBuildPhase;
			buildActionMask = 2147483647;
			files = (
			);
			runOnlyForDeploymentPostprocessing = 0;
		};
		2A03AF641F555FA80088DBF4 /* Resources */ = {
			isa = PBXResourcesBuildPhase;
			buildActionMask = 2147483647;
			files = (
			);
			runOnlyForDeploymentPostprocessing = 0;
		};
/* End PBXResourcesBuildPhase section */

/* Begin PBXShellScriptBuildPhase section */
		0CBD6ABCAADA1953130F8AA6 /* [CP] Check Pods Manifest.lock */ = {
			isa = PBXShellScriptBuildPhase;
			buildActionMask = 2147483647;
			files = (
			);
			inputPaths = (
				"${PODS_PODFILE_DIR_PATH}/Podfile.lock",
				"${PODS_ROOT}/Manifest.lock",
			);
			name = "[CP] Check Pods Manifest.lock";
			outputPaths = (
				"$(DERIVED_FILE_DIR)/Pods-DiscoverMelody-checkManifestLockResult.txt",
			);
			runOnlyForDeploymentPostprocessing = 0;
			shellPath = /bin/sh;
			shellScript = "diff \"${PODS_PODFILE_DIR_PATH}/Podfile.lock\" \"${PODS_ROOT}/Manifest.lock\" > /dev/null\nif [ $? != 0 ] ; then\n    # print error to STDERR\n    echo \"error: The sandbox is not in sync with the Podfile.lock. Run 'pod install' or update your CocoaPods installation.\" >&2\n    exit 1\nfi\n# This output is used by Xcode 'outputs' to avoid re-running this script phase.\necho \"SUCCESS\" > \"${SCRIPT_OUTPUT_FILE_0}\"\n";
			showEnvVarsInLog = 0;
		};
		0DA333F7C47FCCB3972E89E5 /* [CP] Embed Pods Frameworks */ = {
			isa = PBXShellScriptBuildPhase;
			buildActionMask = 2147483647;
			files = (
			);
			inputPaths = (
			);
			name = "[CP] Embed Pods Frameworks";
			outputPaths = (
			);
			runOnlyForDeploymentPostprocessing = 0;
			shellPath = /bin/sh;
			shellScript = "\"${SRCROOT}/Pods/Target Support Files/Pods-DiscoverMelody/Pods-DiscoverMelody-frameworks.sh\"\n";
			showEnvVarsInLog = 0;
		};
		45516BBEF71FD306F71245CE /* [CP] Copy Pods Resources */ = {
			isa = PBXShellScriptBuildPhase;
			buildActionMask = 2147483647;
			files = (
			);
			inputPaths = (
				"${SRCROOT}/Pods/Target Support Files/Pods-DiscoverMelody/Pods-DiscoverMelody-resources.sh",
				"${PODS_ROOT}/MJRefresh/MJRefresh/MJRefresh.bundle",
			);
			name = "[CP] Copy Pods Resources";
			outputPaths = (
				"${TARGET_BUILD_DIR}/${UNLOCALIZED_RESOURCES_FOLDER_PATH}",
			);
			runOnlyForDeploymentPostprocessing = 0;
			shellPath = /bin/sh;
			shellScript = "\"${SRCROOT}/Pods/Target Support Files/Pods-DiscoverMelody/Pods-DiscoverMelody-resources.sh\"\n";
			showEnvVarsInLog = 0;
		};
/* End PBXShellScriptBuildPhase section */

/* Begin PBXSourcesBuildPhase section */
		2A03AF3E1F555FA80088DBF4 /* Sources */ = {
			isa = PBXSourcesBuildPhase;
			buildActionMask = 2147483647;
			files = (
				51D2D5651F5EC00B00764130 /* DMLoginTextField.m in Sources */,
				2A4143901F600D6F00E6B4E1 /* DMHomeCell.m in Sources */,
				2A05C4631F5D545D00FC4D9A /* DMRootContainerViewController.m in Sources */,
				51D2D54D1F5EA73C00764130 /* DMConst.m in Sources */,
				2A5F86C61F5CEDDF00773ADD /* DMBaseViewController.m in Sources */,
				2A23C9711F665AAD0097F91B /* DMCustomerInfoView.m in Sources */,
				2AD28D6B1F63CE160042333D /* DMTestViewController.m in Sources */,
				51D2D5DE1F6123DE00764130 /* NSString+Extension.m in Sources */,
				2A03AF4A1F555FA80088DBF4 /* AppDelegate.m in Sources */,
				51D2D62E1F613B0900764130 /* DMButton.m in Sources */,
				2A9D91671F6690FC00DF4A3B /* DMCustomerCell.m in Sources */,
				2A05C45F1F5D544100FC4D9A /* DMRootViewController.m in Sources */,
				51D2D5D21F60DDED00764130 /* UIColor+Extension.m in Sources */,
				2A27E0CF1F5E46EC00865644 /* DMTools.m in Sources */,
				51D2D5D81F60E2B700764130 /* DMCourseListCell.m in Sources */,
				2A05C4601F5D544100FC4D9A /* UIViewController+DMRootViewController.m in Sources */,
				51D2D6311F613E0800764130 /* DMCourseListHeaderView.m in Sources */,
				51D2D5641F5EC00B00764130 /* DMLoginController.m in Sources */,
				2AD2AB3F1F5D47FD00EDA962 /* DMCustomerServiceViewController.m in Sources */,
				2A8782541F61438E004F9184 /* DMRequestModel.m in Sources */,
				2A4E96A11F66AA57000C4DFD /* DMPopCodeView.m in Sources */,
				2AD2AB371F5D441D00EDA962 /* DMHomeViewController.m in Sources */,
				2A45F9701F60F6D50077CBA5 /* DMHomeDataModel.m in Sources */,
				2A7A64C61F629F0800D1E62C /* DMLiveVideoManager.m in Sources */,
				2A23C9741F665F110097F91B /* DMCustomerPhoneCell.m in Sources */,
				2A27E0D41F5E95C600865644 /* DMHttpClient.m in Sources */,
				51D2D55E1F5EBFE300764130 /* UIColor+Hex.m in Sources */,
				51D2D5681F5F999D00764130 /* UIView+Frame.m in Sources */,
				2AF695291F6149070078DC71 /* DMBaseDataModel.m in Sources */,
				51D2D5D51F60E06800764130 /* DMCourseListController.m in Sources */,
				2A47AFBB1F626A14003A90DA /* DMMenuCell.m in Sources */,
				2AD2AB431F5D492700EDA962 /* DMMenuViewController.m in Sources */,
				51B471481F62760E004FACC8 /* DMLiveButtonControlView.m in Sources */,
				2A03AF471F555FA80088DBF4 /* main.m in Sources */,
				2AC06F071F6247AA009F9BFA /* DMMenuHeadView.m in Sources */,
				51B471391F62506D004FACC8 /* DMLiveController.m in Sources */,
				2A4143891F5FF5F300E6B4E1 /* DMHomeView.m in Sources */,
			);
			runOnlyForDeploymentPostprocessing = 0;
		};
		2A03AF571F555FA80088DBF4 /* Sources */ = {
			isa = PBXSourcesBuildPhase;
			buildActionMask = 2147483647;
			files = (
				2A03AF601F555FA80088DBF4 /* DiscoverMelodyTests.m in Sources */,
			);
			runOnlyForDeploymentPostprocessing = 0;
		};
		2A03AF621F555FA80088DBF4 /* Sources */ = {
			isa = PBXSourcesBuildPhase;
			buildActionMask = 2147483647;
			files = (
				2A03AF6B1F555FA80088DBF4 /* DiscoverMelodyUITests.m in Sources */,
			);
			runOnlyForDeploymentPostprocessing = 0;
		};
/* End PBXSourcesBuildPhase section */

/* Begin PBXTargetDependency section */
		2A03AF5D1F555FA80088DBF4 /* PBXTargetDependency */ = {
			isa = PBXTargetDependency;
			target = 2A03AF411F555FA80088DBF4 /* DiscoverMelody */;
			targetProxy = 2A03AF5C1F555FA80088DBF4 /* PBXContainerItemProxy */;
		};
		2A03AF681F555FA80088DBF4 /* PBXTargetDependency */ = {
			isa = PBXTargetDependency;
			target = 2A03AF411F555FA80088DBF4 /* DiscoverMelody */;
			targetProxy = 2A03AF671F555FA80088DBF4 /* PBXContainerItemProxy */;
		};
/* End PBXTargetDependency section */

/* Begin PBXVariantGroup section */
		2A03AF531F555FA80088DBF4 /* LaunchScreen.storyboard */ = {
			isa = PBXVariantGroup;
			children = (
				2A03AF541F555FA80088DBF4 /* Base */,
				2A27E0D61F5E9E8900865644 /* zh-Hans */,
			);
			name = LaunchScreen.storyboard;
			sourceTree = "<group>";
		};
		2A27E0DB1F5EA65300865644 /* InfoPlist.strings */ = {
			isa = PBXVariantGroup;
			children = (
				2A27E0DA1F5EA65300865644 /* en */,
				2A27E0DC1F5EA65D00865644 /* zh-Hans */,
			);
			name = InfoPlist.strings;
			sourceTree = "<group>";
		};
/* End PBXVariantGroup section */

/* Begin XCBuildConfiguration section */
		2A03AF6D1F555FA80088DBF4 /* Debug */ = {
			isa = XCBuildConfiguration;
			buildSettings = {
				ALWAYS_SEARCH_USER_PATHS = NO;
				CLANG_ANALYZER_LOCALIZABILITY_NONLOCALIZED = YES;
				CLANG_ANALYZER_NONNULL = YES;
				CLANG_ANALYZER_NUMBER_OBJECT_CONVERSION = YES_AGGRESSIVE;
				CLANG_CXX_LANGUAGE_STANDARD = "gnu++0x";
				CLANG_CXX_LIBRARY = "libc++";
				CLANG_ENABLE_MODULES = YES;
				CLANG_ENABLE_OBJC_ARC = YES;
				CLANG_WARN_BOOL_CONVERSION = YES;
				CLANG_WARN_CONSTANT_CONVERSION = YES;
				CLANG_WARN_DIRECT_OBJC_ISA_USAGE = YES_ERROR;
				CLANG_WARN_DOCUMENTATION_COMMENTS = YES;
				CLANG_WARN_EMPTY_BODY = YES;
				CLANG_WARN_ENUM_CONVERSION = YES;
				CLANG_WARN_INFINITE_RECURSION = YES;
				CLANG_WARN_INT_CONVERSION = YES;
				CLANG_WARN_OBJC_ROOT_CLASS = YES_ERROR;
				CLANG_WARN_SUSPICIOUS_MOVE = YES;
				CLANG_WARN_UNREACHABLE_CODE = YES;
				CLANG_WARN__DUPLICATE_METHOD_MATCH = YES;
				"CODE_SIGN_IDENTITY[sdk=iphoneos*]" = "iPhone Developer";
				COPY_PHASE_STRIP = NO;
				DEBUG_INFORMATION_FORMAT = dwarf;
				ENABLE_STRICT_OBJC_MSGSEND = YES;
				ENABLE_TESTABILITY = YES;
				GCC_C_LANGUAGE_STANDARD = gnu99;
				GCC_DYNAMIC_NO_PIC = NO;
				GCC_NO_COMMON_BLOCKS = YES;
				GCC_OPTIMIZATION_LEVEL = 0;
				GCC_PRECOMPILE_PREFIX_HEADER = YES;
				GCC_PREFIX_HEADER = "DiscoverMelody/DiscoverMelody-Prefix.pch";
				GCC_PREPROCESSOR_DEFINITIONS = (
					"DEBUG=1",
					"$(inherited)",
				);
				GCC_WARN_64_TO_32_BIT_CONVERSION = YES;
				GCC_WARN_ABOUT_RETURN_TYPE = YES_ERROR;
				GCC_WARN_UNDECLARED_SELECTOR = YES;
				GCC_WARN_UNINITIALIZED_AUTOS = YES_AGGRESSIVE;
				GCC_WARN_UNUSED_FUNCTION = YES;
				GCC_WARN_UNUSED_VARIABLE = YES;
				IPHONEOS_DEPLOYMENT_TARGET = 10.3;
				MTL_ENABLE_DEBUG_INFO = YES;
				ONLY_ACTIVE_ARCH = YES;
				SDKROOT = iphoneos;
				TARGETED_DEVICE_FAMILY = 2;
			};
			name = Debug;
		};
		2A03AF6E1F555FA80088DBF4 /* Release */ = {
			isa = XCBuildConfiguration;
			buildSettings = {
				ALWAYS_SEARCH_USER_PATHS = NO;
				CLANG_ANALYZER_LOCALIZABILITY_NONLOCALIZED = YES;
				CLANG_ANALYZER_NONNULL = YES;
				CLANG_ANALYZER_NUMBER_OBJECT_CONVERSION = YES_AGGRESSIVE;
				CLANG_CXX_LANGUAGE_STANDARD = "gnu++0x";
				CLANG_CXX_LIBRARY = "libc++";
				CLANG_ENABLE_MODULES = YES;
				CLANG_ENABLE_OBJC_ARC = YES;
				CLANG_WARN_BOOL_CONVERSION = YES;
				CLANG_WARN_CONSTANT_CONVERSION = YES;
				CLANG_WARN_DIRECT_OBJC_ISA_USAGE = YES_ERROR;
				CLANG_WARN_DOCUMENTATION_COMMENTS = YES;
				CLANG_WARN_EMPTY_BODY = YES;
				CLANG_WARN_ENUM_CONVERSION = YES;
				CLANG_WARN_INFINITE_RECURSION = YES;
				CLANG_WARN_INT_CONVERSION = YES;
				CLANG_WARN_OBJC_ROOT_CLASS = YES_ERROR;
				CLANG_WARN_SUSPICIOUS_MOVE = YES;
				CLANG_WARN_UNREACHABLE_CODE = YES;
				CLANG_WARN__DUPLICATE_METHOD_MATCH = YES;
				"CODE_SIGN_IDENTITY[sdk=iphoneos*]" = "iPhone Developer";
				COPY_PHASE_STRIP = NO;
				DEBUG_INFORMATION_FORMAT = "dwarf-with-dsym";
				ENABLE_NS_ASSERTIONS = NO;
				ENABLE_STRICT_OBJC_MSGSEND = YES;
				GCC_C_LANGUAGE_STANDARD = gnu99;
				GCC_NO_COMMON_BLOCKS = YES;
				GCC_PRECOMPILE_PREFIX_HEADER = YES;
				GCC_PREFIX_HEADER = "DiscoverMelody/DiscoverMelody-Prefix.pch";
				GCC_WARN_64_TO_32_BIT_CONVERSION = YES;
				GCC_WARN_ABOUT_RETURN_TYPE = YES_ERROR;
				GCC_WARN_UNDECLARED_SELECTOR = YES;
				GCC_WARN_UNINITIALIZED_AUTOS = YES_AGGRESSIVE;
				GCC_WARN_UNUSED_FUNCTION = YES;
				GCC_WARN_UNUSED_VARIABLE = YES;
				IPHONEOS_DEPLOYMENT_TARGET = 10.3;
				MTL_ENABLE_DEBUG_INFO = NO;
				SDKROOT = iphoneos;
				TARGETED_DEVICE_FAMILY = 2;
				VALIDATE_PRODUCT = YES;
			};
			name = Release;
		};
		2A03AF701F555FA80088DBF4 /* Debug */ = {
			isa = XCBuildConfiguration;
			baseConfigurationReference = 1E620A6E158816600EA0CFFE /* Pods-DiscoverMelody.debug.xcconfig */;
			buildSettings = {
				ASSETCATALOG_COMPILER_APPICON_NAME = AppIcon;
				DEVELOPMENT_TEAM = BR9B47C6A9;
				ENABLE_BITCODE = NO;
				INFOPLIST_FILE = DiscoverMelody/Info.plist;
				IPHONEOS_DEPLOYMENT_TARGET = 9.0;
				LD_RUNPATH_SEARCH_PATHS = "$(inherited) @executable_path/Frameworks";
				LIBRARY_SEARCH_PATHS = (
					"$(inherited)",
					"$(PROJECT_DIR)/DiscoverMelody/Vendors/LiveVideo/SignalingSDK",
				);
				PRODUCT_BUNDLE_IDENTIFIER = com.discovermelody.DiscoverMelody;
				PRODUCT_NAME = "$(TARGET_NAME)";
				TARGETED_DEVICE_FAMILY = 2;
			};
			name = Debug;
		};
		2A03AF711F555FA80088DBF4 /* Release */ = {
			isa = XCBuildConfiguration;
			baseConfigurationReference = 2BF41B440646DC59DC6A7EC6 /* Pods-DiscoverMelody.release.xcconfig */;
			buildSettings = {
				ASSETCATALOG_COMPILER_APPICON_NAME = AppIcon;
				DEVELOPMENT_TEAM = BR9B47C6A9;
				ENABLE_BITCODE = NO;
				INFOPLIST_FILE = DiscoverMelody/Info.plist;
				IPHONEOS_DEPLOYMENT_TARGET = 9.0;
				LD_RUNPATH_SEARCH_PATHS = "$(inherited) @executable_path/Frameworks";
				LIBRARY_SEARCH_PATHS = (
					"$(inherited)",
					"$(PROJECT_DIR)/DiscoverMelody/Vendors/LiveVideo/SignalingSDK",
				);
				PRODUCT_BUNDLE_IDENTIFIER = com.discovermelody.DiscoverMelody;
				PRODUCT_NAME = "$(TARGET_NAME)";
				TARGETED_DEVICE_FAMILY = 2;
			};
			name = Release;
		};
		2A03AF731F555FA80088DBF4 /* Debug */ = {
			isa = XCBuildConfiguration;
			buildSettings = {
				BUNDLE_LOADER = "$(TEST_HOST)";
				INFOPLIST_FILE = DiscoverMelodyTests/Info.plist;
				LD_RUNPATH_SEARCH_PATHS = "$(inherited) @executable_path/Frameworks @loader_path/Frameworks";
				PRODUCT_BUNDLE_IDENTIFIER = com.discovermelody.DiscoverMelodyTests;
				PRODUCT_NAME = "$(TARGET_NAME)";
				TEST_HOST = "$(BUILT_PRODUCTS_DIR)/DiscoverMelody.app/DiscoverMelody";
			};
			name = Debug;
		};
		2A03AF741F555FA80088DBF4 /* Release */ = {
			isa = XCBuildConfiguration;
			buildSettings = {
				BUNDLE_LOADER = "$(TEST_HOST)";
				INFOPLIST_FILE = DiscoverMelodyTests/Info.plist;
				LD_RUNPATH_SEARCH_PATHS = "$(inherited) @executable_path/Frameworks @loader_path/Frameworks";
				PRODUCT_BUNDLE_IDENTIFIER = com.discovermelody.DiscoverMelodyTests;
				PRODUCT_NAME = "$(TARGET_NAME)";
				TEST_HOST = "$(BUILT_PRODUCTS_DIR)/DiscoverMelody.app/DiscoverMelody";
			};
			name = Release;
		};
		2A03AF761F555FA80088DBF4 /* Debug */ = {
			isa = XCBuildConfiguration;
			buildSettings = {
				INFOPLIST_FILE = DiscoverMelodyUITests/Info.plist;
				LD_RUNPATH_SEARCH_PATHS = "$(inherited) @executable_path/Frameworks @loader_path/Frameworks";
				PRODUCT_BUNDLE_IDENTIFIER = com.discovermelody.DiscoverMelodyUITests;
				PRODUCT_NAME = "$(TARGET_NAME)";
				TEST_TARGET_NAME = DiscoverMelody;
			};
			name = Debug;
		};
		2A03AF771F555FA80088DBF4 /* Release */ = {
			isa = XCBuildConfiguration;
			buildSettings = {
				INFOPLIST_FILE = DiscoverMelodyUITests/Info.plist;
				LD_RUNPATH_SEARCH_PATHS = "$(inherited) @executable_path/Frameworks @loader_path/Frameworks";
				PRODUCT_BUNDLE_IDENTIFIER = com.discovermelody.DiscoverMelodyUITests;
				PRODUCT_NAME = "$(TARGET_NAME)";
				TEST_TARGET_NAME = DiscoverMelody;
			};
			name = Release;
		};
/* End XCBuildConfiguration section */

/* Begin XCConfigurationList section */
		2A03AF3D1F555FA80088DBF4 /* Build configuration list for PBXProject "DiscoverMelody" */ = {
			isa = XCConfigurationList;
			buildConfigurations = (
				2A03AF6D1F555FA80088DBF4 /* Debug */,
				2A03AF6E1F555FA80088DBF4 /* Release */,
			);
			defaultConfigurationIsVisible = 0;
			defaultConfigurationName = Release;
		};
		2A03AF6F1F555FA80088DBF4 /* Build configuration list for PBXNativeTarget "DiscoverMelody" */ = {
			isa = XCConfigurationList;
			buildConfigurations = (
				2A03AF701F555FA80088DBF4 /* Debug */,
				2A03AF711F555FA80088DBF4 /* Release */,
			);
			defaultConfigurationIsVisible = 0;
			defaultConfigurationName = Release;
		};
		2A03AF721F555FA80088DBF4 /* Build configuration list for PBXNativeTarget "DiscoverMelodyTests" */ = {
			isa = XCConfigurationList;
			buildConfigurations = (
				2A03AF731F555FA80088DBF4 /* Debug */,
				2A03AF741F555FA80088DBF4 /* Release */,
			);
			defaultConfigurationIsVisible = 0;
			defaultConfigurationName = Release;
		};
		2A03AF751F555FA80088DBF4 /* Build configuration list for PBXNativeTarget "DiscoverMelodyUITests" */ = {
			isa = XCConfigurationList;
			buildConfigurations = (
				2A03AF761F555FA80088DBF4 /* Debug */,
				2A03AF771F555FA80088DBF4 /* Release */,
			);
			defaultConfigurationIsVisible = 0;
			defaultConfigurationName = Release;
		};
/* End XCConfigurationList section */
	};
	rootObject = 2A03AF3A1F555FA80088DBF4 /* Project object */;
}
